
Microsoft Visual Studio Solution File, Format Version 12.00
# Visual Studio Version 16
VisualStudioVersion = 16.0.30320.27
MinimumVisualStudioVersion = 10.0.40219.1
Project("{FAE04EC0-301F-11D3-BF4B-00C04F79EFBC}") = "4.Program", "4.Program\4.Program.csproj", "{65E00266-8DAB-4797-8617-8C05E1C5D653}"
EndProject
Global
	GlobalSection(SolutionConfigurationPlatforms) = preSolution
		Debug|Any CPU = Debug|Any CPU
		Release|Any CPU = Release|Any CPU
	EndGlobalSection
	GlobalSection(ProjectConfigurationPlatforms) = postSolution
		{65E00266-8DAB-4797-8617-8C05E1C5D653}.Debug|Any CPU.ActiveCfg = Debug|Any CPU
		{65E00266-8DAB-4797-8617-8C05E1C5D653}.Debug|Any CPU.Build.0 = Debug|Any CPU
		{65E00266-8DAB-4797-8617-8C05E1C5D653}.Release|Any CPU.ActiveCfg = Release|Any CPU
		{65E00266-8DAB-4797-8617-8C05E1C5D653}.Release|Any CPU.Build.0 = Release|Any CPU
	EndGlobalSection
	GlobalSection(SolutionProperties) = preSolution
		HideSolutionNode = FALSE
	EndGlobalSection
	GlobalSection(ExtensibilityGlobals) = postSolution
		SolutionGuid = {97A3DD7C-F22A-49AA-A9FA-90FE036F964D}
	EndGlobalSection
EndGlobal
